<Solution>
  <Folder Name="/examples/" />
  <Folder Name="/examples/01-policy-to-config/">
    <Project Path="examples/01-policy-to-config/PolicyToConfig.csproj" />
  </Folder>
  <Folder Name="/examples/02-platform-support/">
    <Project Path="examples/02-platform-support/PlatformProbe.csproj" />
  </Folder>
  <Folder Name="/examples/03-buffered-spawn/">
    <Project Path="examples/03-buffered-spawn/BufferedSpawn.csproj" />
  </Folder>
  <Folder Name="/examples/04-network-policy/">
    <Project Path="examples/04-network-policy/HostFiltering.csproj" />
  </Folder>
  <Folder Name="/examples/05-state-aware-lifecycle/">
    <Project Path="examples/05-state-aware-lifecycle/StateAwareLifecycle.csproj" />
  </Folder>
  <Folder Name="/examples/06-hello-world/">
    <Project Path="examples/06-hello-world/HelloWorld.csproj" />
  </Folder>
  <Folder Name="/examples/07-filesystem-access/">
    <Project Path="examples/07-filesystem-access/FilesystemAccess.csproj" />
  </Folder>
  <Folder Name="/examples/08-network-restricted/">
    <Project Path="examples/08-network-restricted/NetworkRestricted.csproj" />
  </Folder>
  <Folder Name="/examples/09-network-proxy/">
    <Project Path="examples/09-network-proxy/NetworkProxy.csproj" />
  </Folder>
  <Folder Name="/examples/10-policy-enforcement/">
    <Project Path="examples/10-policy-enforcement/PolicyEnforcement.csproj" />
  </Folder>
  <Folder Name="/src/">
    <Project Path="src/Sabbour.Mxc.Sdk/Sabbour.Mxc.Sdk.csproj" />
  </Folder>
  <Folder Name="/tests/">
    <Project Path="tests/Sabbour.Mxc.Sdk.IntegrationTests/Sabbour.Mxc.Sdk.IntegrationTests.csproj" />
    <Project Path="tests/Sabbour.Mxc.Sdk.Tests/Sabbour.Mxc.Sdk.Tests.csproj" />
  </Folder>
</Solution>
